
Microsoft Visual Studio Solution File, Format Version 12.00
# Visual Studio Version 17
VisualStudioVersion = 17.1.32414.318
MinimumVisualStudioVersion = 10.0.40219.1
Project("{9A19103F-16F7-4668-BE54-9A1E7A4F7556}") = "LowKey.Data.UnitTests", "LowKey.Data.UnitTests\LowKey.Data.UnitTests.csproj", "{B4E5DCF3-1C7D-4753-BE41-8EEF7BFA6936}"
EndProject
Project("{9A19103F-16F7-4668-BE54-9A1E7A4F7556}") = "LowKey.Data", "LowKey.Data\LowKey.Data.csproj", "{A665D61F-C346-4320-8440-86D21CF98CC9}"
EndProject
Project("{9A19103F-16F7-4668-BE54-9A1E7A4F7556}") = "LowKey.Data.Sql", "LowKey.Data.Sql\LowKey.Data.Sql.csproj", "{3476403F-8BD9-4880-877E-E20CF3FFAEFE}"
EndProject
Project("{9A19103F-16F7-4668-BE54-9A1E7A4F7556}") = "LowKey.Extensions.Hosting", "LowKey.Extensions.Hosting\LowKey.Extensions.Hosting.csproj", "{50E9EC23-AACA-40B0-AF8A-6F427351EB23}"
EndProject
Project("{9A19103F-16F7-4668-BE54-9A1E7A4F7556}") = "LowKey.Data.Example.Net5WebApp", "LowKey.Data.Example.Net5WebApp\LowKey.Data.Example.Net5WebApp.csproj", "{EC8A955E-F20A-4EC4-8547-F93BB22998E4}"
EndProject
Project("{2150E333-8FDC-42A3-9474-1A3956D46DE8}") = "Samples", "Samples", "{A1A6279D-DCB2-47E2-8083-71649151B48C}"
EndProject
Project("{2150E333-8FDC-42A3-9474-1A3956D46DE8}") = "Testing", "Testing", "{F87812C4-C556-473C-92CC-EBE7F75D279F}"
EndProject
Project("{E53339B2-1760-4266-BCC7-CA923CBCF16C}") = "docker-compose", "docker-compose.dcproj", "{E453973D-C0FD-4494-92FB-2620557C8810}"
EndProject
Project("{2150E333-8FDC-42A3-9474-1A3956D46DE8}") = "Build", "Build", "{BDBDEEEB-3902-4256-8EA7-7567A7BBCC3E}"
	ProjectSection(SolutionItems) = preProject
		dotnet.yaml = dotnet.yaml
	EndProjectSection
EndProject
Global
	GlobalSection(SolutionConfigurationPlatforms) = preSolution
		Debug|Any CPU = Debug|Any CPU
		Release|Any CPU = Release|Any CPU
	EndGlobalSection
	GlobalSection(ProjectConfigurationPlatforms) = postSolution
		{B4E5DCF3-1C7D-4753-BE41-8EEF7BFA6936}.Debug|Any CPU.ActiveCfg = Debug|Any CPU
		{B4E5DCF3-1C7D-4753-BE41-8EEF7BFA6936}.Debug|Any CPU.Build.0 = Debug|Any CPU
		{B4E5DCF3-1C7D-4753-BE41-8EEF7BFA6936}.Release|Any CPU.ActiveCfg = Release|Any CPU
		{B4E5DCF3-1C7D-4753-BE41-8EEF7BFA6936}.Release|Any CPU.Build.0 = Release|Any CPU
		{A665D61F-C346-4320-8440-86D21CF98CC9}.Debug|Any CPU.ActiveCfg = Debug|Any CPU
		{A665D61F-C346-4320-8440-86D21CF98CC9}.Debug|Any CPU.Build.0 = Debug|Any CPU
		{A665D61F-C346-4320-8440-86D21CF98CC9}.Release|Any CPU.ActiveCfg = Release|Any CPU
		{A665D61F-C346-4320-8440-86D21CF98CC9}.Release|Any CPU.Build.0 = Release|Any CPU
		{3476403F-8BD9-4880-877E-E20CF3FFAEFE}.Debug|Any CPU.ActiveCfg = Debug|Any CPU
		{3476403F-8BD9-4880-877E-E20CF3FFAEFE}.Debug|Any CPU.Build.0 = Debug|Any CPU
		{3476403F-8BD9-4880-877E-E20CF3FFAEFE}.Release|Any CPU.ActiveCfg = Release|Any CPU
		{3476403F-8BD9-4880-877E-E20CF3FFAEFE}.Release|Any CPU.Build.0 = Release|Any CPU
		{50E9EC23-AACA-40B0-AF8A-6F427351EB23}.Debug|Any CPU.ActiveCfg = Debug|Any CPU
		{50E9EC23-AACA-40B0-AF8A-6F427351EB23}.Debug|Any CPU.Build.0 = Debug|Any CPU
		{50E9EC23-AACA-40B0-AF8A-6F427351EB23}.Release|Any CPU.ActiveCfg = Release|Any CPU
		{50E9EC23-AACA-40B0-AF8A-6F427351EB23}.Release|Any CPU.Build.0 = Release|Any CPU
		{EC8A955E-F20A-4EC4-8547-F93BB22998E4}.Debug|Any CPU.ActiveCfg = Debug|Any CPU
		{EC8A955E-F20A-4EC4-8547-F93BB22998E4}.Debug|Any CPU.Build.0 = Debug|Any CPU
		{EC8A955E-F20A-4EC4-8547-F93BB22998E4}.Release|Any CPU.ActiveCfg = Release|Any CPU
		{EC8A955E-F20A-4EC4-8547-F93BB22998E4}.Release|Any CPU.Build.0 = Release|Any CPU
		{E453973D-C0FD-4494-92FB-2620557C8810}.Debug|Any CPU.ActiveCfg = Debug|Any CPU
		{E453973D-C0FD-4494-92FB-2620557C8810}.Debug|Any CPU.Build.0 = Debug|Any CPU
		{E453973D-C0FD-4494-92FB-2620557C8810}.Release|Any CPU.ActiveCfg = Release|Any CPU
		{E453973D-C0FD-4494-92FB-2620557C8810}.Release|Any CPU.Build.0 = Release|Any CPU
	EndGlobalSection
	GlobalSection(SolutionProperties) = preSolution
		HideSolutionNode = FALSE
	EndGlobalSection
	GlobalSection(NestedProjects) = preSolution
		{B4E5DCF3-1C7D-4753-BE41-8EEF7BFA6936} = {F87812C4-C556-473C-92CC-EBE7F75D279F}
		{EC8A955E-F20A-4EC4-8547-F93BB22998E4} = {A1A6279D-DCB2-47E2-8083-71649151B48C}
	EndGlobalSection
	GlobalSection(ExtensibilityGlobals) = postSolution
		SolutionGuid = {0D6BB488-3ADA-4F10-A65C-56EB22043C70}
	EndGlobalSection
EndGlobal
