
Microsoft Visual Studio Solution File, Format Version 12.00
# Visual Studio Version 16
VisualStudioVersion = 16.0.31729.503
MinimumVisualStudioVersion = 10.0.40219.1
Project("{FAE04EC0-301F-11D3-BF4B-00C04F79EFBC}") = "LowKey.Data.UnitTests", "LowKey.Data.UnitTests\LowKey.Data.UnitTests.csproj", "{B4E5DCF3-1C7D-4753-BE41-8EEF7BFA6936}"
EndProject
Project("{FAE04EC0-301F-11D3-BF4B-00C04F79EFBC}") = "LowKey.Data", "LowKey.Data\LowKey.Data.csproj", "{A665D61F-C346-4320-8440-86D21CF98CC9}"
EndProject
Global
	GlobalSection(SolutionConfigurationPlatforms) = preSolution
		Debug|Any CPU = Debug|Any CPU
		Release|Any CPU = Release|Any CPU
	EndGlobalSection
	GlobalSection(ProjectConfigurationPlatforms) = postSolution
		{B4E5DCF3-1C7D-4753-BE41-8EEF7BFA6936}.Debug|Any CPU.ActiveCfg = Debug|Any CPU
		{B4E5DCF3-1C7D-4753-BE41-8EEF7BFA6936}.Debug|Any CPU.Build.0 = Debug|Any CPU
		{B4E5DCF3-1C7D-4753-BE41-8EEF7BFA6936}.Release|Any CPU.ActiveCfg = Release|Any CPU
		{B4E5DCF3-1C7D-4753-BE41-8EEF7BFA6936}.Release|Any CPU.Build.0 = Release|Any CPU
		{A665D61F-C346-4320-8440-86D21CF98CC9}.Debug|Any CPU.ActiveCfg = Debug|Any CPU
		{A665D61F-C346-4320-8440-86D21CF98CC9}.Debug|Any CPU.Build.0 = Debug|Any CPU
		{A665D61F-C346-4320-8440-86D21CF98CC9}.Release|Any CPU.ActiveCfg = Release|Any CPU
		{A665D61F-C346-4320-8440-86D21CF98CC9}.Release|Any CPU.Build.0 = Release|Any CPU
	EndGlobalSection
	GlobalSection(SolutionProperties) = preSolution
		HideSolutionNode = FALSE
	EndGlobalSection
	GlobalSection(ExtensibilityGlobals) = postSolution
		SolutionGuid = {0D6BB488-3ADA-4F10-A65C-56EB22043C70}
	EndGlobalSection
EndGlobal
